// !$*UTF8*$!
{
	archiveVersion = 1;
	classes = {
	};
	objectVersion = 50;
	objects = {

/* Begin PBXBuildFile section */
		E516CA0A229CF977009DABD6 /* AppDelegate.swift in Sources */ = {isa = PBXBuildFile; fileRef = E516CA09229CF977009DABD6 /* AppDelegate.swift */; };
		E516CA0C229CF977009DABD6 /* ViewController.swift in Sources */ = {isa = PBXBuildFile; fileRef = E516CA0B229CF977009DABD6 /* ViewController.swift */; };
		E516CA0F229CF977009DABD6 /* Main.storyboard in Resources */ = {isa = PBXBuildFile; fileRef = E516CA0D229CF977009DABD6 /* Main.storyboard */; };
		E516CA11229CF979009DABD6 /* Assets.xcassets in Resources */ = {isa = PBXBuildFile; fileRef = E516CA10229CF979009DABD6 /* Assets.xcassets */; };
		E516CA14229CF979009DABD6 /* LaunchScreen.storyboard in Resources */ = {isa = PBXBuildFile; fileRef = E516CA12229CF979009DABD6 /* LaunchScreen.storyboard */; };
		E516CA1F229CF979009DABD6 /* iGameTests.swift in Sources */ = {isa = PBXBuildFile; fileRef = E516CA1E229CF979009DABD6 /* iGameTests.swift */; };
		E516CA2A229CF979009DABD6 /* iGameUITests.swift in Sources */ = {isa = PBXBuildFile; fileRef = E516CA29229CF979009DABD6 /* iGameUITests.swift */; };
/* End PBXBuildFile section */

/* Begin PBXContainerItemProxy section */
		E516CA1B229CF979009DABD6 /* PBXContainerItemProxy */ = {
			isa = PBXContainerItemProxy;
			containerPortal = E516C9FE229CF977009DABD6 /* Project object */;
			proxyType = 1;
			remoteGlobalIDString = E516CA05229CF977009DABD6;
			remoteInfo = iGame;
		};
		E516CA26229CF979009DABD6 /* PBXContainerItemProxy */ = {
			isa = PBXContainerItemProxy;
			containerPortal = E516C9FE229CF977009DABD6 /* Project object */;
			proxyType = 1;
			remoteGlobalIDString = E516CA05229CF977009DABD6;
			remoteInfo = iGame;
		};
/* End PBXContainerItemProxy section */

/* Begin PBXFileReference section */
		E516CA06229CF977009DABD6 /* iGame.app */ = {isa = PBXFileReference; explicitFileType = wrapper.application; includeInIndex = 0; path = iGame.app; sourceTree = BUILT_PRODUCTS_DIR; };
		E516CA09229CF977009DABD6 /* AppDelegate.swift */ = {isa = PBXFileReference; lastKnownFileType = sourcecode.swift; path = AppDelegate.swift; sourceTree = "<group>"; };
		E516CA0B229CF977009DABD6 /* ViewController.swift */ = {isa = PBXFileReference; lastKnownFileType = sourcecode.swift; path = ViewController.swift; sourceTree = "<group>"; };
		E516CA0E229CF977009DABD6 /* Base */ = {isa = PBXFileReference; lastKnownFileType = file.storyboard; name = Base; path = Base.lproj/Main.storyboard; sourceTree = "<group>"; };
		E516CA10229CF979009DABD6 /* Assets.xcassets */ = {isa = PBXFileReference; lastKnownFileType = folder.assetcatalog; path = Assets.xcassets; sourceTree = "<group>"; };
		E516CA13229CF979009DABD6 /* Base */ = {isa = PBXFileReference; lastKnownFileType = file.storyboard; name = Base; path = Base.lproj/LaunchScreen.storyboard; sourceTree = "<group>"; };
		E516CA15229CF979009DABD6 /* Info.plist */ = {isa = PBXFileReference; lastKnownFileType = text.plist.xml; path = Info.plist; sourceTree = "<group>"; };
		E516CA1A229CF979009DABD6 /* iGameTests.xctest */ = {isa = PBXFileReference; explicitFileType = wrapper.cfbundle; includeInIndex = 0; path = iGameTests.xctest; sourceTree = BUILT_PRODUCTS_DIR; };
		E516CA1E229CF979009DABD6 /* iGameTests.swift */ = {isa = PBXFileReference; lastKnownFileType = sourcecode.swift; path = iGameTests.swift; sourceTree = "<group>"; };
		E516CA20229CF979009DABD6 /* Info.plist */ = {isa = PBXFileReference; lastKnownFileType = text.plist.xml; path = Info.plist; sourceTree = "<group>"; };
		E516CA25229CF979009DABD6 /* iGameUITests.xctest */ = {isa = PBXFileReference; explicitFileType = wrapper.cfbundle; includeInIndex = 0; path = iGameUITests.xctest; sourceTree = BUILT_PRODUCTS_DIR; };
		E516CA29229CF979009DABD6 /* iGameUITests.swift */ = {isa = PBXFileReference; lastKnownFileType = sourcecode.swift; path = iGameUITests.swift; sourceTree = "<group>"; };
		E516CA2B229CF979009DABD6 /* Info.plist */ = {isa = PBXFileReference; lastKnownFileType = text.plist.xml; path = Info.plist; sourceTree = "<group>"; };
/* End PBXFileReference section */

/* Begin PBXFrameworksBuildPhase section */
		E516CA03229CF977009DABD6 /* Frameworks */ = {
			isa = PBXFrameworksBuildPhase;
			buildActionMask = 2147483647;
			files = (
			);
			runOnlyForDeploymentPostprocessing = 0;
		};
		E516CA17229CF979009DABD6 /* Frameworks */ = {
			isa = PBXFrameworksBuildPhase;
			buildActionMask = 2147483647;
			files = (
			);
			runOnlyForDeploymentPostprocessing = 0;
		};
		E516CA22229CF979009DABD6 /* Frameworks */ = {
			isa = PBXFrameworksBuildPhase;
			buildActionMask = 2147483647;
			files = (
			);
			runOnlyForDeploymentPostprocessing = 0;
		};
/* End PBXFrameworksBuildPhase section */

/* Begin PBXGroup section */
		E516C9FD229CF977009DABD6 = {
			isa = PBXGroup;
			children = (
				E516CA08229CF977009DABD6 /* iGame */,
				E516CA1D229CF979009DABD6 /* iGameTests */,
				E516CA28229CF979009DABD6 /* iGameUITests */,
				E516CA07229CF977009DABD6 /* Products */,
			);
			sourceTree = "<group>";
		};
		E516CA07229CF977009DABD6 /* Products */ = {
			isa = PBXGroup;
			children = (
				E516CA06229CF977009DABD6 /* iGame.app */,
				E516CA1A229CF979009DABD6 /* iGameTests.xctest */,
				E516CA25229CF979009DABD6 /* iGameUITests.xctest */,
			);
			name = Products;
			sourceTree = "<group>";
		};
		E516CA08229CF977009DABD6 /* iGame */ = {
			isa = PBXGroup;
			children = (
				E516CA09229CF977009DABD6 /* AppDelegate.swift */,
				E516CA0B229CF977009DABD6 /* ViewController.swift */,
				E516CA0D229CF977009DABD6 /* Main.storyboard */,
				E516CA10229CF979009DABD6 /* Assets.xcassets */,
				E516CA12229CF979009DABD6 /* LaunchScreen.storyboard */,
				E516CA15229CF979009DABD6 /* Info.plist */,
			);
			path = iGame;
			sourceTree = "<group>";
		};
		E516CA1D229CF979009DABD6 /* iGameTests */ = {
			isa = PBXGroup;
			children = (
				E516CA1E229CF979009DABD6 /* iGameTests.swift */,
				E516CA20229CF979009DABD6 /* Info.plist */,
			);
			path = iGameTests;
			sourceTree = "<group>";
		};
		E516CA28229CF979009DABD6 /* iGameUITests */ = {
			isa = PBXGroup;
			children = (
				E516CA29229CF979009DABD6 /* iGameUITests.swift */,
				E516CA2B229CF979009DABD6 /* Info.plist */,
			);
			path = iGameUITests;
			sourceTree = "<group>";
		};
/* End PBXGroup section */

/* Begin PBXNativeTarget section */
		E516CA05229CF977009DABD6 /* iGame */ = {
			isa = PBXNativeTarget;
			buildConfigurationList = E516CA2E229CF979009DABD6 /* Build configuration list for PBXNativeTarget "iGame" */;
			buildPhases = (
				E516CA02229CF977009DABD6 /* Sources */,
				E516CA03229CF977009DABD6 /* Frameworks */,
				E516CA04229CF977009DABD6 /* Resources */,
			);
			buildRules = (
			);
			dependencies = (
			);
			name = iGame;
			productName = iGame;
			productReference = E516CA06229CF977009DABD6 /* iGame.app */;
			productType = "com.apple.product-type.application";
		};
		E516CA19229CF979009DABD6 /* iGameTests */ = {
			isa = PBXNativeTarget;
			buildConfigurationList = E516CA31229CF979009DABD6 /* Build configuration list for PBXNativeTarget "iGameTests" */;
			buildPhases = (
				E516CA16229CF979009DABD6 /* Sources */,
				E516CA17229CF979009DABD6 /* Frameworks */,
				E516CA18229CF979009DABD6 /* Resources */,
			);
			buildRules = (
			);
			dependencies = (
				E516CA1C229CF979009DABD6 /* PBXTargetDependency */,
			);
			name = iGameTests;
			productName = iGameTests;
			productReference = E516CA1A229CF979009DABD6 /* iGameTests.xctest */;
			productType = "com.apple.product-type.bundle.unit-test";
		};
		E516CA24229CF979009DABD6 /* iGameUITests */ = {
			isa = PBXNativeTarget;
			buildConfigurationList = E516CA34229CF979009DABD6 /* Build configuration list for PBXNativeTarget "iGameUITests" */;
			buildPhases = (
				E516CA21229CF979009DABD6 /* Sources */,
				E516CA22229CF979009DABD6 /* Frameworks */,
				E516CA23229CF979009DABD6 /* Resources */,
			);
			buildRules = (
			);
			dependencies = (
				E516CA27229CF979009DABD6 /* PBXTargetDependency */,
			);
			name = iGameUITests;
			productName = iGameUITests;
			productReference = E516CA25229CF979009DABD6 /* iGameUITests.xctest */;
			productType = "com.apple.product-type.bundle.ui-testing";
		};
/* End PBXNativeTarget section */

/* Begin PBXProject section */
		E516C9FE229CF977009DABD6 /* Project object */ = {
			isa = PBXProject;
			attributes = {
				LastSwiftUpdateCheck = 1020;
				LastUpgradeCheck = 1020;
				ORGANIZATIONNAME = "Kota Kawanishi";
				TargetAttributes = {
					E516CA05229CF977009DABD6 = {
						CreatedOnToolsVersion = 10.2.1;
					};
					E516CA19229CF979009DABD6 = {
						CreatedOnToolsVersion = 10.2.1;
						TestTargetID = E516CA05229CF977009DABD6;
					};
					E516CA24229CF979009DABD6 = {
						CreatedOnToolsVersion = 10.2.1;
						TestTargetID = E516CA05229CF977009DABD6;
					};
				};
			};
			buildConfigurationList = E516CA01229CF977009DABD6 /* Build configuration list for PBXProject "iGame" */;
			compatibilityVersion = "Xcode 9.3";
			developmentRegion = en;
			hasScannedForEncodings = 0;
			knownRegions = (
				en,
				Base,
			);
			mainGroup = E516C9FD229CF977009DABD6;
			productRefGroup = E516CA07229CF977009DABD6 /* Products */;
			projectDirPath = "";
			projectRoot = "";
			targets = (
				E516CA05229CF977009DABD6 /* iGame */,
				E516CA19229CF979009DABD6 /* iGameTests */,
				E516CA24229CF979009DABD6 /* iGameUITests */,
			);
		};
/* End PBXProject section */

/* Begin PBXResourcesBuildPhase section */
		E516CA04229CF977009DABD6 /* Resources */ = {
			isa = PBXResourcesBuildPhase;
			buildActionMask = 2147483647;
			files = (
				E516CA14229CF979009DABD6 /* LaunchScreen.storyboard in Resources */,
				E516CA11229CF979009DABD6 /* Assets.xcassets in Resources */,
				E516CA0F229CF977009DABD6 /* Main.storyboard in Resources */,
			);
			runOnlyForDeploymentPostprocessing = 0;
		};
		E516CA18229CF979009DABD6 /* Resources */ = {
			isa = PBXResourcesBuildPhase;
			buildActionMask = 2147483647;
			files = (
			);
			runOnlyForDeploymentPostprocessing = 0;
		};
		E516CA23229CF979009DABD6 /* Resources */ = {
			isa = PBXResourcesBuildPhase;
			buildActionMask = 2147483647;
			files = (
			);
			runOnlyForDeploymentPostprocessing = 0;
		};
/* End PBXResourcesBuildPhase section */

/* Begin PBXSourcesBuildPhase section */
		E516CA02229CF977009DABD6 /* Sources */ = {
			isa = PBXSourcesBuildPhase;
			buildActionMask = 2147483647;
			files = (
				E516CA0C229CF977009DABD6 /* ViewController.swift in Sources */,
				E516CA0A229CF977009DABD6 /* AppDelegate.swift in Sources */,
			);
			runOnlyForDeploymentPostprocessing = 0;
		};
		E516CA16229CF979009DABD6 /* Sources */ = {
			isa = PBXSourcesBuildPhase;
			buildActionMask = 2147483647;
			files = (
				E516CA1F229CF979009DABD6 /* iGameTests.swift in Sources */,
			);
			runOnlyForDeploymentPostprocessing = 0;
		};
		E516CA21229CF979009DABD6 /* Sources */ = {
			isa = PBXSourcesBuildPhase;
			buildActionMask = 2147483647;
			files = (
				E516CA2A229CF979009DABD6 /* iGameUITests.swift in Sources */,
			);
			runOnlyForDeploymentPostprocessing = 0;
		};
/* End PBXSourcesBuildPhase section */

/* Begin PBXTargetDependency section */
		E516CA1C229CF979009DABD6 /* PBXTargetDependency */ = {
			isa = PBXTargetDependency;
			target = E516CA05229CF977009DABD6 /* iGame */;
			targetProxy = E516CA1B229CF979009DABD6 /* PBXContainerItemProxy */;
		};
		E516CA27229CF979009DABD6 /* PBXTargetDependency */ = {
			isa = PBXTargetDependency;
			target = E516CA05229CF977009DABD6 /* iGame */;
			targetProxy = E516CA26229CF979009DABD6 /* PBXContainerItemProxy */;
		};
/* End PBXTargetDependency section */

/* Begin PBXVariantGroup section */
		E516CA0D229CF977009DABD6 /* Main.storyboard */ = {
			isa = PBXVariantGroup;
			children = (
				E516CA0E229CF977009DABD6 /* Base */,
			);
			name = Main.storyboard;
			sourceTree = "<group>";
		};
		E516CA12229CF979009DABD6 /* LaunchScreen.storyboard */ = {
			isa = PBXVariantGroup;
			children = (
				E516CA13229CF979009DABD6 /* Base */,
			);
			name = LaunchScreen.storyboard;
			sourceTree = "<group>";
		};
/* End PBXVariantGroup section */

/* Begin XCBuildConfiguration section */
		E516CA2C229CF979009DABD6 /* Debug */ = {
			isa = XCBuildConfiguration;
			buildSettings = {
				ALWAYS_SEARCH_USER_PATHS = NO;
				CLANG_ANALYZER_NONNULL = YES;
				CLANG_ANALYZER_NUMBER_OBJECT_CONVERSION = YES_AGGRESSIVE;
				CLANG_CXX_LANGUAGE_STANDARD = "gnu++14";
				CLANG_CXX_LIBRARY = "libc++";
				CLANG_ENABLE_MODULES = YES;
				CLANG_ENABLE_OBJC_ARC = YES;
				CLANG_ENABLE_OBJC_WEAK = YES;
				CLANG_WARN_BLOCK_CAPTURE_AUTORELEASING = YES;
				CLANG_WARN_BOOL_CONVERSION = YES;
				CLANG_WARN_COMMA = YES;
				CLANG_WARN_CONSTANT_CONVERSION = YES;
				CLANG_WARN_DEPRECATED_OBJC_IMPLEMENTATIONS = YES;
				CLANG_WARN_DIRECT_OBJC_ISA_USAGE = YES_ERROR;
				CLANG_WARN_DOCUMENTATION_COMMENTS = YES;
				CLANG_WARN_EMPTY_BODY = YES;
				CLANG_WARN_ENUM_CONVERSION = YES;
				CLANG_WARN_INFINITE_RECURSION = YES;
				CLANG_WARN_INT_CONVERSION = YES;
				CLANG_WARN_NON_LITERAL_NULL_CONVERSION = YES;
				CLANG_WARN_OBJC_IMPLICIT_RETAIN_SELF = YES;
				CLANG_WARN_OBJC_LITERAL_CONVERSION = YES;
				CLANG_WARN_OBJC_ROOT_CLASS = YES_ERROR;
				CLANG_WARN_RANGE_LOOP_ANALYSIS = YES;
				CLANG_WARN_STRICT_PROTOTYPES = YES;
				CLANG_WARN_SUSPICIOUS_MOVE = YES;
				CLANG_WARN_UNGUARDED_AVAILABILITY = YES_AGGRESSIVE;
				CLANG_WARN_UNREACHABLE_CODE = YES;
				CLANG_WARN__DUPLICATE_METHOD_MATCH = YES;
				CODE_SIGN_IDENTITY = "iPhone Developer";
				COPY_PHASE_STRIP = NO;
				DEBUG_INFORMATION_FORMAT = dwarf;
				ENABLE_STRICT_OBJC_MSGSEND = YES;
				ENABLE_TESTABILITY = YES;
				GCC_C_LANGUAGE_STANDARD = gnu11;
				GCC_DYNAMIC_NO_PIC = NO;
				GCC_NO_COMMON_BLOCKS = YES;
				GCC_OPTIMIZATION_LEVEL = 0;
				GCC_PREPROCESSOR_DEFINITIONS = (
					"DEBUG=1",
					"$(inherited)",
				);
				GCC_WARN_64_TO_32_BIT_CONVERSION = YES;
				GCC_WARN_ABOUT_RETURN_TYPE = YES_ERROR;
				GCC_WARN_UNDECLARED_SELECTOR = YES;
				GCC_WARN_UNINITIALIZED_AUTOS = YES_AGGRESSIVE;
				GCC_WARN_UNUSED_FUNCTION = YES;
				GCC_WARN_UNUSED_VARIABLE = YES;
				IPHONEOS_DEPLOYMENT_TARGET = 12.2;
				MTL_ENABLE_DEBUG_INFO = INCLUDE_SOURCE;
				MTL_FAST_MATH = YES;
				ONLY_ACTIVE_ARCH = YES;
				SDKROOT = iphoneos;
				SWIFT_ACTIVE_COMPILATION_CONDITIONS = DEBUG;
				SWIFT_OPTIMIZATION_LEVEL = "-Onone";
			};
			name = Debug;
		};
		E516CA2D229CF979009DABD6 /* Release */ = {
			isa = XCBuildConfiguration;
			buildSettings = {
				ALWAYS_SEARCH_USER_PATHS = NO;
				CLANG_ANALYZER_NONNULL = YES;
				CLANG_ANALYZER_NUMBER_OBJECT_CONVERSION = YES_AGGRESSIVE;
				CLANG_CXX_LANGUAGE_STANDARD = "gnu++14";
				CLANG_CXX_LIBRARY = "libc++";
				CLANG_ENABLE_MODULES = YES;
				CLANG_ENABLE_OBJC_ARC = YES;
				CLANG_ENABLE_OBJC_WEAK = YES;
				CLANG_WARN_BLOCK_CAPTURE_AUTORELEASING = YES;
				CLANG_WARN_BOOL_CONVERSION = YES;
				CLANG_WARN_COMMA = YES;
				CLANG_WARN_CONSTANT_CONVERSION = YES;
				CLANG_WARN_DEPRECATED_OBJC_IMPLEMENTATIONS = YES;
				CLANG_WARN_DIRECT_OBJC_ISA_USAGE = YES_ERROR;
				CLANG_WARN_DOCUMENTATION_COMMENTS = YES;
				CLANG_WARN_EMPTY_BODY = YES;
				CLANG_WARN_ENUM_CONVERSION = YES;
				CLANG_WARN_INFINITE_RECURSION = YES;
				CLANG_WARN_INT_CONVERSION = YES;
				CLANG_WARN_NON_LITERAL_NULL_CONVERSION = YES;
				CLANG_WARN_OBJC_IMPLICIT_RETAIN_SELF = YES;
				CLANG_WARN_OBJC_LITERAL_CONVERSION = YES;
				CLANG_WARN_OBJC_ROOT_CLASS = YES_ERROR;
				CLANG_WARN_RANGE_LOOP_ANALYSIS = YES;
				CLANG_WARN_STRICT_PROTOTYPES = YES;
				CLANG_WARN_SUSPICIOUS_MOVE = YES;
				CLANG_WARN_UNGUARDED_AVAILABILITY = YES_AGGRESSIVE;
				CLANG_WARN_UNREACHABLE_CODE = YES;
				CLANG_WARN__DUPLICATE_METHOD_MATCH = YES;
				CODE_SIGN_IDENTITY = "iPhone Developer";
				COPY_PHASE_STRIP = NO;
				DEBUG_INFORMATION_FORMAT = "dwarf-with-dsym";
				ENABLE_NS_ASSERTIONS = NO;
				ENABLE_STRICT_OBJC_MSGSEND = YES;
				GCC_C_LANGUAGE_STANDARD = gnu11;
				GCC_NO_COMMON_BLOCKS = YES;
				GCC_WARN_64_TO_32_BIT_CONVERSION = YES;
				GCC_WARN_ABOUT_RETURN_TYPE = YES_ERROR;
				GCC_WARN_UNDECLARED_SELECTOR = YES;
				GCC_WARN_UNINITIALIZED_AUTOS = YES_AGGRESSIVE;
				GCC_WARN_UNUSED_FUNCTION = YES;
				GCC_WARN_UNUSED_VARIABLE = YES;
				IPHONEOS_DEPLOYMENT_TARGET = 12.2;
				MTL_ENABLE_DEBUG_INFO = NO;
				MTL_FAST_MATH = YES;
				SDKROOT = iphoneos;
				SWIFT_COMPILATION_MODE = wholemodule;
				SWIFT_OPTIMIZATION_LEVEL = "-O";
				VALIDATE_PRODUCT = YES;
			};
			name = Release;
		};
		E516CA2F229CF979009DABD6 /* Debug */ = {
			isa = XCBuildConfiguration;
			buildSettings = {
				ASSETCATALOG_COMPILER_APPICON_NAME = AppIcon;
				CODE_SIGN_STYLE = Automatic;
				DEVELOPMENT_TEAM = FBNFNU46TG;
				INFOPLIST_FILE = iGame/Info.plist;
				LD_RUNPATH_SEARCH_PATHS = (
					"$(inherited)",
					"@executable_path/Frameworks",
				);
				PRODUCT_BUNDLE_IDENTIFIER = com.Kota.iGame;
				PRODUCT_NAME = "$(TARGET_NAME)";
				SWIFT_VERSION = 5.0;
				TARGETED_DEVICE_FAMILY = 1;
			};
			name = Debug;
		};
		E516CA30229CF979009DABD6 /* Release */ = {
			isa = XCBuildConfiguration;
			buildSettings = {
				ASSETCATALOG_COMPILER_APPICON_NAME = AppIcon;
				CODE_SIGN_STYLE = Automatic;
				DEVELOPMENT_TEAM = FBNFNU46TG;
				INFOPLIST_FILE = iGame/Info.plist;
				LD_RUNPATH_SEARCH_PATHS = (
					"$(inherited)",
					"@executable_path/Frameworks",
				);
				PRODUCT_BUNDLE_IDENTIFIER = com.Kota.iGame;
				PRODUCT_NAME = "$(TARGET_NAME)";
				SWIFT_VERSION = 5.0;
				TARGETED_DEVICE_FAMILY = 1;
			};
			name = Release;
		};
		E516CA32229CF979009DABD6 /* Debug */ = {
			isa = XCBuildConfiguration;
			buildSettings = {
				ALWAYS_EMBED_SWIFT_STANDARD_LIBRARIES = YES;
				BUNDLE_LOADER = "$(TEST_HOST)";
				CODE_SIGN_STYLE = Automatic;
				DEVELOPMENT_TEAM = FBNFNU46TG;
				INFOPLIST_FILE = iGameTests/Info.plist;
				LD_RUNPATH_SEARCH_PATHS = (
					"$(inherited)",
					"@executable_path/Frameworks",
					"@loader_path/Frameworks",
				);
				PRODUCT_BUNDLE_IDENTIFIER = com.Kota.iGameTests;
				PRODUCT_NAME = "$(TARGET_NAME)";
				SWIFT_VERSION = 5.0;
				TARGETED_DEVICE_FAMILY = "1,2";
				TEST_HOST = "$(BUILT_PRODUCTS_DIR)/iGame.app/iGame";
			};
			name = Debug;
		};
		E516CA33229CF979009DABD6 /* Release */ = {
			isa = XCBuildConfiguration;
			buildSettings = {
				ALWAYS_EMBED_SWIFT_STANDARD_LIBRARIES = YES;
				BUNDLE_LOADER = "$(TEST_HOST)";
				CODE_SIGN_STYLE = Automatic;
				DEVELOPMENT_TEAM = FBNFNU46TG;
				INFOPLIST_FILE = iGameTests/Info.plist;
				LD_RUNPATH_SEARCH_PATHS = (
					"$(inherited)",
					"@executable_path/Frameworks",
					"@loader_path/Frameworks",
				);
				PRODUCT_BUNDLE_IDENTIFIER = com.Kota.iGameTests;
				PRODUCT_NAME = "$(TARGET_NAME)";
				SWIFT_VERSION = 5.0;
				TARGETED_DEVICE_FAMILY = "1,2";
				TEST_HOST = "$(BUILT_PRODUCTS_DIR)/iGame.app/iGame";
			};
			name = Release;
		};
		E516CA35229CF979009DABD6 /* Debug */ = {
			isa = XCBuildConfiguration;
			buildSettings = {
				ALWAYS_EMBED_SWIFT_STANDARD_LIBRARIES = YES;
				CODE_SIGN_STYLE = Automatic;
				DEVELOPMENT_TEAM = FBNFNU46TG;
				INFOPLIST_FILE = iGameUITests/Info.plist;
				LD_RUNPATH_SEARCH_PATHS = (
					"$(inherited)",
					"@executable_path/Frameworks",
					"@loader_path/Frameworks",
				);
				PRODUCT_BUNDLE_IDENTIFIER = com.Kota.iGameUITests;
				PRODUCT_NAME = "$(TARGET_NAME)";
				SWIFT_VERSION = 5.0;
				TARGETED_DEVICE_FAMILY = "1,2";
				TEST_TARGET_NAME = iGame;
			};
			name = Debug;
		};
		E516CA36229CF979009DABD6 /* Release */ = {
			isa = XCBuildConfiguration;
			buildSettings = {
				ALWAYS_EMBED_SWIFT_STANDARD_LIBRARIES = YES;
				CODE_SIGN_STYLE = Automatic;
				DEVELOPMENT_TEAM = FBNFNU46TG;
				INFOPLIST_FILE = iGameUITests/Info.plist;
				LD_RUNPATH_SEARCH_PATHS = (
					"$(inherited)",
					"@executable_path/Frameworks",
					"@loader_path/Frameworks",
				);
				PRODUCT_BUNDLE_IDENTIFIER = com.Kota.iGameUITests;
				PRODUCT_NAME = "$(TARGET_NAME)";
				SWIFT_VERSION = 5.0;
				TARGETED_DEVICE_FAMILY = "1,2";
				TEST_TARGET_NAME = iGame;
			};
			name = Release;
		};
/* End XCBuildConfiguration section */

/* Begin XCConfigurationList section */
		E516CA01229CF977009DABD6 /* Build configuration list for PBXProject "iGame" */ = {
			isa = XCConfigurationList;
			buildConfigurations = (
				E516CA2C229CF979009DABD6 /* Debug */,
				E516CA2D229CF979009DABD6 /* Release */,
			);
			defaultConfigurationIsVisible = 0;
			defaultConfigurationName = Release;
		};
		E516CA2E229CF979009DABD6 /* Build configuration list for PBXNativeTarget "iGame" */ = {
			isa = XCConfigurationList;
			buildConfigurations = (
				E516CA2F229CF979009DABD6 /* Debug */,
				E516CA30229CF979009DABD6 /* Release */,
			);
			defaultConfigurationIsVisible = 0;
			defaultConfigurationName = Release;
		};
		E516CA31229CF979009DABD6 /* Build configuration list for PBXNativeTarget "iGameTests" */ = {
			isa = XCConfigurationList;
			buildConfigurations = (
				E516CA32229CF979009DABD6 /* Debug */,
				E516CA33229CF979009DABD6 /* Release */,
			);
			defaultConfigurationIsVisible = 0;
			defaultConfigurationName = Release;
		};
		E516CA34229CF979009DABD6 /* Build configuration list for PBXNativeTarget "iGameUITests" */ = {
			isa = XCConfigurationList;
			buildConfigurations = (
				E516CA35229CF979009DABD6 /* Debug */,
				E516CA36229CF979009DABD6 /* Release */,
			);
			defaultConfigurationIsVisible = 0;
			defaultConfigurationName = Release;
		};
/* End XCConfigurationList section */
	};
	rootObject = E516C9FE229CF977009DABD6 /* Project object */;
}
